{
	"name": "reshape-autolink",
	"version": "2.0.0",
	"lockfileVersion": 1,
	"requires": true,
	"dependencies": {
		"reshape-plugin-util": {
			"version": "0.2.1",
			"resolved": "https://registry.npmjs.org/reshape-plugin-util/-/reshape-plugin-util-0.2.1.tgz",
			"integrity": "sha1-KTWJWdWMnuvKJcNe/gzGJ4F88JI=",
			"requires": {
				"when": "^3.7.7"
			}
		},
		"when": {
			"version": "3.7.8",
			"resolved": "https://registry.npmjs.org/when/-/when-3.7.8.tgz",
			"integrity": "sha1-xxMLan6gRpPoQs3J56Hyqjmjn4I="
		}
	}
}
